Microsoft Visual Studio Solution File, Format Version 12.00
# Visual Studio 2013
VisualStudioVersion = 12.0.31101.0
MinimumVisualStudioVersion = 10.0.40219.1
Project("{FAE04EC0-301F-11D3-BF4B-00C04F79EFBC}") = "ServiceStack.Authentication.Aad", "ServiceStack.Authentication.Aad\ServiceStack.Authentication.Aad.csproj", "{5E60FB72-6E9B-4A15-85A5-C2F192F27952}"
EndProject
Project("{FAE04EC0-301F-11D3-BF4B-00C04F79EFBC}") = "ServiceStack.Authentication.Aad.Tests", "ServiceStack.Authentication.Aad.Tests\ServiceStack.Authentication.Aad.Tests.csproj", "{483AF7BE-AC38-4C6C-A798-6F69EE6F6801}"
EndProject
Global
	GlobalSection(SolutionConfigurationPlatforms) = preSolution
		Debug|Any CPU = Debug|Any CPU
		Release|Any CPU = Release|Any CPU
	EndGlobalSection
	GlobalSection(ProjectConfigurationPlatforms) = postSolution
		{5E60FB72-6E9B-4A15-85A5-C2F192F27952}.Debug|Any CPU.ActiveCfg = Debug|Any CPU
		{5E60FB72-6E9B-4A15-85A5-C2F192F27952}.Debug|Any CPU.Build.0 = Debug|Any CPU
		{5E60FB72-6E9B-4A15-85A5-C2F192F27952}.Release|Any CPU.ActiveCfg = Release|Any CPU
		{5E60FB72-6E9B-4A15-85A5-C2F192F27952}.Release|Any CPU.Build.0 = Release|Any CPU
		{483AF7BE-AC38-4C6C-A798-6F69EE6F6801}.Debug|Any CPU.ActiveCfg = Debug|Any CPU
		{483AF7BE-AC38-4C6C-A798-6F69EE6F6801}.Debug|Any CPU.Build.0 = Debug|Any CPU
		{483AF7BE-AC38-4C6C-A798-6F69EE6F6801}.Release|Any CPU.ActiveCfg = Release|Any CPU
		{483AF7BE-AC38-4C6C-A798-6F69EE6F6801}.Release|Any CPU.Build.0 = Release|Any CPU
	EndGlobalSection
	GlobalSection(SolutionProperties) = preSolution
		HideSolutionNode = FALSE
	EndGlobalSection
EndGlobal
