Microsoft Visual Studio Solution File, Format Version 12.00
# Visual Studio 15
VisualStudioVersion = 15.0.27130.2027
MinimumVisualStudioVersion = 10.0.40219.1
Project("{FAE04EC0-301F-11D3-BF4B-00C04F79EFBC}") = "ServiceStack.Authentication.Aad.Tests", "ServiceStack.Authentication.Aad.Tests\ServiceStack.Authentication.Aad.Tests.csproj", "{483AF7BE-AC38-4C6C-A798-6F69EE6F6801}"
EndProject
Project("{FAE04EC0-301F-11D3-BF4B-00C04F79EFBC}") = "ServiceStack.Authentication.Aad.SelfHostTest", "ServiceStack.Authentication.Aad.SelfHostTest\ServiceStack.Authentication.Aad.SelfHostTest.csproj", "{EA80C452-414C-4481-9C1D-17B8CB7D262C}"
EndProject
Project("{2150E333-8FDC-42A3-9474-1A3956D46DE8}") = "Solution Items", "Solution Items", "{E82D8008-B8C6-43C9-95F9-F8ECC1983EDB}"
	ProjectSection(SolutionItems) = preProject
		.gitignore = .gitignore
		LICENSE = LICENSE
		README.md = README.md
	EndProjectSection
EndProject
Project("{9A19103F-16F7-4668-BE54-9A1E7A4F7556}") = "ServiceStack.Authentication.Aad", "ServiceStack.Authentication.Aad\ServiceStack.Authentication.Aad.csproj", "{AA1E396C-1729-4493-8369-56F84E23390B}"
EndProject
Global
	GlobalSection(SolutionConfigurationPlatforms) = preSolution
		Debug|Any CPU = Debug|Any CPU
		Release|Any CPU = Release|Any CPU
	EndGlobalSection
	GlobalSection(ProjectConfigurationPlatforms) = postSolution
		{483AF7BE-AC38-4C6C-A798-6F69EE6F6801}.Debug|Any CPU.ActiveCfg = Debug|Any CPU
		{483AF7BE-AC38-4C6C-A798-6F69EE6F6801}.Debug|Any CPU.Build.0 = Debug|Any CPU
		{483AF7BE-AC38-4C6C-A798-6F69EE6F6801}.Release|Any CPU.ActiveCfg = Release|Any CPU
		{483AF7BE-AC38-4C6C-A798-6F69EE6F6801}.Release|Any CPU.Build.0 = Release|Any CPU
		{EA80C452-414C-4481-9C1D-17B8CB7D262C}.Debug|Any CPU.ActiveCfg = Debug|Any CPU
		{EA80C452-414C-4481-9C1D-17B8CB7D262C}.Debug|Any CPU.Build.0 = Debug|Any CPU
		{EA80C452-414C-4481-9C1D-17B8CB7D262C}.Release|Any CPU.ActiveCfg = Release|Any CPU
		{EA80C452-414C-4481-9C1D-17B8CB7D262C}.Release|Any CPU.Build.0 = Release|Any CPU
		{AA1E396C-1729-4493-8369-56F84E23390B}.Debug|Any CPU.ActiveCfg = Debug|Any CPU
		{AA1E396C-1729-4493-8369-56F84E23390B}.Debug|Any CPU.Build.0 = Debug|Any CPU
		{AA1E396C-1729-4493-8369-56F84E23390B}.Release|Any CPU.ActiveCfg = Release|Any CPU
		{AA1E396C-1729-4493-8369-56F84E23390B}.Release|Any CPU.Build.0 = Release|Any CPU
	EndGlobalSection
	GlobalSection(SolutionProperties) = preSolution
		HideSolutionNode = FALSE
	EndGlobalSection
	GlobalSection(ExtensibilityGlobals) = postSolution
		SolutionGuid = {043798AF-1647-4CAC-8522-A6311606C278}
	EndGlobalSection
EndGlobal
